
Microsoft Visual Studio Solution File, Format Version 12.00
# Visual Studio 2012
Project("{D954291E-2A0B-460D-934E-DC6B0785DB48}") = "AnotherApp", "AnotherApp\AnotherApp.shproj", "{1E37B130-C99B-4898-AF43-AFED1F524566}"
EndProject
Project("{FAE04EC0-301F-11D3-BF4B-00C04F79EFBC}") = "AnotherApp.iOS", "iOS\AnotherApp.iOS.csproj", "{815287C8-7445-4F5E-A6EE-4BE29C265DC4}"
EndProject
Project("{FAE04EC0-301F-11D3-BF4B-00C04F79EFBC}") = "AnotherApp.Droid", "Droid\AnotherApp.Droid.csproj", "{3AECF8B6-C583-4095-A3B7-D9E628A58623}"
EndProject
Global
	GlobalSection(SolutionConfigurationPlatforms) = preSolution
		Debug|iPhoneSimulator = Debug|iPhoneSimulator
		Release|iPhone = Release|iPhone
		Release|iPhoneSimulator = Release|iPhoneSimulator
		Debug|iPhone = Debug|iPhone
		Debug|Any CPU = Debug|Any CPU
		Release|Any CPU = Release|Any CPU
	EndGlobalSection
	GlobalSection(ProjectConfigurationPlatforms) = postSolution
		{815287C8-7445-4F5E-A6EE-4BE29C265DC4}.Debug|iPhoneSimulator.ActiveCfg = Debug|iPhoneSimulator
		{815287C8-7445-4F5E-A6EE-4BE29C265DC4}.Debug|iPhoneSimulator.Build.0 = Debug|iPhoneSimulator
		{815287C8-7445-4F5E-A6EE-4BE29C265DC4}.Release|iPhone.ActiveCfg = Release|iPhone
		{815287C8-7445-4F5E-A6EE-4BE29C265DC4}.Release|iPhone.Build.0 = Release|iPhone
		{815287C8-7445-4F5E-A6EE-4BE29C265DC4}.Release|iPhoneSimulator.ActiveCfg = Release|iPhoneSimulator
		{815287C8-7445-4F5E-A6EE-4BE29C265DC4}.Release|iPhoneSimulator.Build.0 = Release|iPhoneSimulator
		{815287C8-7445-4F5E-A6EE-4BE29C265DC4}.Debug|iPhone.ActiveCfg = Debug|iPhone
		{815287C8-7445-4F5E-A6EE-4BE29C265DC4}.Debug|iPhone.Build.0 = Debug|iPhone
		{815287C8-7445-4F5E-A6EE-4BE29C265DC4}.Debug|Any CPU.ActiveCfg = Debug|iPhoneSimulator
		{815287C8-7445-4F5E-A6EE-4BE29C265DC4}.Debug|Any CPU.Build.0 = Debug|iPhoneSimulator
		{815287C8-7445-4F5E-A6EE-4BE29C265DC4}.Release|Any CPU.ActiveCfg = Release|iPhone
		{815287C8-7445-4F5E-A6EE-4BE29C265DC4}.Release|Any CPU.Build.0 = Release|iPhone
		{3AECF8B6-C583-4095-A3B7-D9E628A58623}.Debug|iPhoneSimulator.ActiveCfg = Debug|Any CPU
		{3AECF8B6-C583-4095-A3B7-D9E628A58623}.Debug|iPhoneSimulator.Build.0 = Debug|Any CPU
		{3AECF8B6-C583-4095-A3B7-D9E628A58623}.Release|iPhone.ActiveCfg = Release|Any CPU
		{3AECF8B6-C583-4095-A3B7-D9E628A58623}.Release|iPhone.Build.0 = Release|Any CPU
		{3AECF8B6-C583-4095-A3B7-D9E628A58623}.Release|iPhoneSimulator.ActiveCfg = Release|Any CPU
		{3AECF8B6-C583-4095-A3B7-D9E628A58623}.Release|iPhoneSimulator.Build.0 = Release|Any CPU
		{3AECF8B6-C583-4095-A3B7-D9E628A58623}.Debug|iPhone.ActiveCfg = Debug|Any CPU
		{3AECF8B6-C583-4095-A3B7-D9E628A58623}.Debug|iPhone.Build.0 = Debug|Any CPU
		{3AECF8B6-C583-4095-A3B7-D9E628A58623}.Debug|Any CPU.ActiveCfg = Debug|Any CPU
		{3AECF8B6-C583-4095-A3B7-D9E628A58623}.Debug|Any CPU.Build.0 = Debug|Any CPU
		{3AECF8B6-C583-4095-A3B7-D9E628A58623}.Release|Any CPU.ActiveCfg = Release|Any CPU
		{3AECF8B6-C583-4095-A3B7-D9E628A58623}.Release|Any CPU.Build.0 = Release|Any CPU
	EndGlobalSection
EndGlobal
